
Microsoft Visual Studio Solution File, Format Version 12.00
# Visual Studio Version 17
VisualStudioVersion = 17.8.34408.163
MinimumVisualStudioVersion = 10.0.40219.1
Project("{FAE04EC0-301F-11D3-BF4B-00C04F79EFBC}") = "Mom&Baby", "Mom&Baby\Mom&Baby.csproj", "{E4B1AFC3-F9E3-412B-A02E-5D689396547C}"
EndProject
Project("{FAE04EC0-301F-11D3-BF4B-00C04F79EFBC}") = "Mom&Baby.Repo", "Mom&Baby.Repo\Mom&Baby.Repo.csproj", "{0506CDD3-FDF1-4578-9310-B27983E2D6E0}"
EndProject
Project("{FAE04EC0-301F-11D3-BF4B-00C04F79EFBC}") = "Mom&Baby.Service", "Mom&Baby.Service\Mom&Baby.Service.csproj", "{8C1AC9D0-3E7E-4395-8855-E53B7D3B225F}"
EndProject
Global
	GlobalSection(SolutionConfigurationPlatforms) = preSolution
		Debug|Any CPU = Debug|Any CPU
		Release|Any CPU = Release|Any CPU
	EndGlobalSection
	GlobalSection(ProjectConfigurationPlatforms) = postSolution
		{E4B1AFC3-F9E3-412B-A02E-5D689396547C}.Debug|Any CPU.ActiveCfg = Debug|Any CPU
		{E4B1AFC3-F9E3-412B-A02E-5D689396547C}.Debug|Any CPU.Build.0 = Debug|Any CPU
		{E4B1AFC3-F9E3-412B-A02E-5D689396547C}.Release|Any CPU.ActiveCfg = Release|Any CPU
		{E4B1AFC3-F9E3-412B-A02E-5D689396547C}.Release|Any CPU.Build.0 = Release|Any CPU
		{0506CDD3-FDF1-4578-9310-B27983E2D6E0}.Debug|Any CPU.ActiveCfg = Debug|Any CPU
		{0506CDD3-FDF1-4578-9310-B27983E2D6E0}.Debug|Any CPU.Build.0 = Debug|Any CPU
		{0506CDD3-FDF1-4578-9310-B27983E2D6E0}.Release|Any CPU.ActiveCfg = Release|Any CPU
		{0506CDD3-FDF1-4578-9310-B27983E2D6E0}.Release|Any CPU.Build.0 = Release|Any CPU
		{8C1AC9D0-3E7E-4395-8855-E53B7D3B225F}.Debug|Any CPU.ActiveCfg = Debug|Any CPU
		{8C1AC9D0-3E7E-4395-8855-E53B7D3B225F}.Debug|Any CPU.Build.0 = Debug|Any CPU
		{8C1AC9D0-3E7E-4395-8855-E53B7D3B225F}.Release|Any CPU.ActiveCfg = Release|Any CPU
		{8C1AC9D0-3E7E-4395-8855-E53B7D3B225F}.Release|Any CPU.Build.0 = Release|Any CPU
	EndGlobalSection
	GlobalSection(SolutionProperties) = preSolution
		HideSolutionNode = FALSE
	EndGlobalSection
	GlobalSection(ExtensibilityGlobals) = postSolution
		SolutionGuid = {2566C850-4DDC-40AF-8BC8-EEAD33148083}
	EndGlobalSection
EndGlobal
